{
  "name": "lablink-cli",
  "version": "0.1.0-beta.7",
  "lockfileVersion": 3,
  "requires": true,
  "packages": {
    "": {
      "name": "lablink-cli",
      "version": "0.1.0-beta.7",
      "license": "MIT",
      "bin": {
        "lablink": "bin/lablink.mjs"
      },
      "devDependencies": {},
      "engines": {
        "node": ">=20.0.0"
      }
    }
  }
}
